// !$*UTF8*$!
{
	archiveVersion = 1;
	classes = {
	};
	objectVersion = 50;
	objects = {

/* Begin PBXBuildFile section */
		C49B44B32180C98F00A72F68 /* Theme.swift in Sources */ = {isa = PBXBuildFile; fileRef = C49B44B22180C98F00A72F68 /* Theme.swift */; };
		C49B44B72180CAC400A72F68 /* Table.storyboard in Resources */ = {isa = PBXBuildFile; fileRef = C49B44B62180CAC400A72F68 /* Table.storyboard */; };
		C49B44B92180CAEE00A72F68 /* TableViewController.swift in Sources */ = {isa = PBXBuildFile; fileRef = C49B44B82180CAEE00A72F68 /* TableViewController.swift */; };
		C49B44BB2180CB2300A72F68 /* Map.storyboard in Resources */ = {isa = PBXBuildFile; fileRef = C49B44BA2180CB2300A72F68 /* Map.storyboard */; };
		C49B44BD2180CB3400A72F68 /* MapViewController.swift in Sources */ = {isa = PBXBuildFile; fileRef = C49B44BC2180CB3400A72F68 /* MapViewController.swift */; };
		C49B44BF2180EFCA00A72F68 /* RuntimeError.swift in Sources */ = {isa = PBXBuildFile; fileRef = C49B44BE2180EFCA00A72F68 /* RuntimeError.swift */; };
		C49B44C12180F87500A72F68 /* NetworkService.swift in Sources */ = {isa = PBXBuildFile; fileRef = C49B44C02180F87500A72F68 /* NetworkService.swift */; };
		C49B44C42180FAB900A72F68 /* Category.swift in Sources */ = {isa = PBXBuildFile; fileRef = C49B44C32180FAB900A72F68 /* Category.swift */; };
		C49B44C62180FB5800A72F68 /* SubCategory.swift in Sources */ = {isa = PBXBuildFile; fileRef = C49B44C52180FB5800A72F68 /* SubCategory.swift */; };
		C49B44C82180FBA200A72F68 /* ResponseHelper.swift in Sources */ = {isa = PBXBuildFile; fileRef = C49B44C72180FBA200A72F68 /* ResponseHelper.swift */; };
		C49B44CA2180FC2B00A72F68 /* CategoriesService.swift in Sources */ = {isa = PBXBuildFile; fileRef = C49B44C92180FC2B00A72F68 /* CategoriesService.swift */; };
		C49B44CC2180FDD800A72F68 /* Venue.swift in Sources */ = {isa = PBXBuildFile; fileRef = C49B44CB2180FDD800A72F68 /* Venue.swift */; };
		C49B44CE2181002000A72F68 /* VenueLocation.swift in Sources */ = {isa = PBXBuildFile; fileRef = C49B44CD2181002000A72F68 /* VenueLocation.swift */; };
		C49B44D02181012E00A72F68 /* VenuesViewModel.swift in Sources */ = {isa = PBXBuildFile; fileRef = C49B44CF2181012E00A72F68 /* VenuesViewModel.swift */; };
		C49B44D32181019D00A72F68 /* VenueCell.xib in Resources */ = {isa = PBXBuildFile; fileRef = C49B44D12181019D00A72F68 /* VenueCell.xib */; };
		C49B44D42181019D00A72F68 /* VenueCell.swift in Sources */ = {isa = PBXBuildFile; fileRef = C49B44D22181019D00A72F68 /* VenueCell.swift */; };
		C49B44D62181025E00A72F68 /* VenueCellViewModel.swift in Sources */ = {isa = PBXBuildFile; fileRef = C49B44D52181025E00A72F68 /* VenueCellViewModel.swift */; };
		C49B44D92181030A00A72F68 /* VenuePhoto.swift in Sources */ = {isa = PBXBuildFile; fileRef = C49B44D82181030A00A72F68 /* VenuePhoto.swift */; };
		C49B44DB218121F100A72F68 /* LocationAnnotation.swift in Sources */ = {isa = PBXBuildFile; fileRef = C49B44DA218121F100A72F68 /* LocationAnnotation.swift */; };
		D654A47021825FD500C5E60C /* Credentials.swift in Sources */ = {isa = PBXBuildFile; fileRef = D654A46F21825FD500C5E60C /* Credentials.swift */; };
		D67E276321817FF300BE184C /* Main.storyboard in Resources */ = {isa = PBXBuildFile; fileRef = D67E276221817FF300BE184C /* Main.storyboard */; };
		D69B0D75217C2E3400AB39EA /* AppDelegate.swift in Sources */ = {isa = PBXBuildFile; fileRef = D69B0D74217C2E3400AB39EA /* AppDelegate.swift */; };
		D69B0D7C217C2E3600AB39EA /* Assets.xcassets in Resources */ = {isa = PBXBuildFile; fileRef = D69B0D7B217C2E3600AB39EA /* Assets.xcassets */; };
		D69B0D7F217C2E3600AB39EA /* LaunchScreen.storyboard in Resources */ = {isa = PBXBuildFile; fileRef = D69B0D7D217C2E3600AB39EA /* LaunchScreen.storyboard */; };
		D69B0D8A217C2E3600AB39EA /* pruebaHeroTests.swift in Sources */ = {isa = PBXBuildFile; fileRef = D69B0D89217C2E3600AB39EA /* pruebaHeroTests.swift */; };
		D69B0D96217C2E7100AB39EA /* LocationService.swift in Sources */ = {isa = PBXBuildFile; fileRef = D69B0D95217C2E7100AB39EA /* LocationService.swift */; };
		D69B0D9A21801E3000AB39EA /* Navigation.swift in Sources */ = {isa = PBXBuildFile; fileRef = D69B0D9921801E3000AB39EA /* Navigation.swift */; };
		D69B0D9C21801F8000AB39EA /* TabBarViewController.swift in Sources */ = {isa = PBXBuildFile; fileRef = D69B0D9B21801F8000AB39EA /* TabBarViewController.swift */; };
		D6E50B36218220D300832BA5 /* CategorySelector.storyboard in Resources */ = {isa = PBXBuildFile; fileRef = D6E50B35218220D300832BA5 /* CategorySelector.storyboard */; };
		D6E50B382182210400832BA5 /* CategorySelector.swift in Sources */ = {isa = PBXBuildFile; fileRef = D6E50B372182210400832BA5 /* CategorySelector.swift */; };
		D6E50B3A2182487200832BA5 /* CategorySelectorCell.swift in Sources */ = {isa = PBXBuildFile; fileRef = D6E50B392182487200832BA5 /* CategorySelectorCell.swift */; };
		D6E50B3C2182490A00832BA5 /* CategorySelectorCellViewModel.swift in Sources */ = {isa = PBXBuildFile; fileRef = D6E50B3B2182490A00832BA5 /* CategorySelectorCellViewModel.swift */; };
		D6E50B3E2182573900832BA5 /* pruebaNetworking.swift in Sources */ = {isa = PBXBuildFile; fileRef = D6E50B3D2182573900832BA5 /* pruebaNetworking.swift */; };
/* End PBXBuildFile section */

/* Begin PBXContainerItemProxy section */
		D69B0D86217C2E3600AB39EA /* PBXContainerItemProxy */ = {
			isa = PBXContainerItemProxy;
			containerPortal = D69B0D69217C2E3400AB39EA /* Project object */;
			proxyType = 1;
			remoteGlobalIDString = D69B0D70217C2E3400AB39EA;
			remoteInfo = pruebaHero;
		};
/* End PBXContainerItemProxy section */

/* Begin PBXFileReference section */
		C49B44B22180C98F00A72F68 /* Theme.swift */ = {isa = PBXFileReference; lastKnownFileType = sourcecode.swift; path = Theme.swift; sourceTree = "<group>"; };
		C49B44B62180CAC400A72F68 /* Table.storyboard */ = {isa = PBXFileReference; lastKnownFileType = file.storyboard; path = Table.storyboard; sourceTree = "<group>"; };
		C49B44B82180CAEE00A72F68 /* TableViewController.swift */ = {isa = PBXFileReference; lastKnownFileType = sourcecode.swift; path = TableViewController.swift; sourceTree = "<group>"; };
		C49B44BA2180CB2300A72F68 /* Map.storyboard */ = {isa = PBXFileReference; lastKnownFileType = file.storyboard; path = Map.storyboard; sourceTree = "<group>"; };
		C49B44BC2180CB3400A72F68 /* MapViewController.swift */ = {isa = PBXFileReference; lastKnownFileType = sourcecode.swift; path = MapViewController.swift; sourceTree = "<group>"; };
		C49B44BE2180EFCA00A72F68 /* RuntimeError.swift */ = {isa = PBXFileReference; lastKnownFileType = sourcecode.swift; path = RuntimeError.swift; sourceTree = "<group>"; };
		C49B44C02180F87500A72F68 /* NetworkService.swift */ = {isa = PBXFileReference; lastKnownFileType = sourcecode.swift; path = NetworkService.swift; sourceTree = "<group>"; };
		C49B44C32180FAB900A72F68 /* Category.swift */ = {isa = PBXFileReference; lastKnownFileType = sourcecode.swift; path = Category.swift; sourceTree = "<group>"; };
		C49B44C52180FB5800A72F68 /* SubCategory.swift */ = {isa = PBXFileReference; lastKnownFileType = sourcecode.swift; path = SubCategory.swift; sourceTree = "<group>"; };
		C49B44C72180FBA200A72F68 /* ResponseHelper.swift */ = {isa = PBXFileReference; lastKnownFileType = sourcecode.swift; path = ResponseHelper.swift; sourceTree = "<group>"; };
		C49B44C92180FC2B00A72F68 /* CategoriesService.swift */ = {isa = PBXFileReference; lastKnownFileType = sourcecode.swift; path = CategoriesService.swift; sourceTree = "<group>"; };
		C49B44CB2180FDD800A72F68 /* Venue.swift */ = {isa = PBXFileReference; lastKnownFileType = sourcecode.swift; path = Venue.swift; sourceTree = "<group>"; };
		C49B44CD2181002000A72F68 /* VenueLocation.swift */ = {isa = PBXFileReference; lastKnownFileType = sourcecode.swift; path = VenueLocation.swift; sourceTree = "<group>"; };
		C49B44CF2181012E00A72F68 /* VenuesViewModel.swift */ = {isa = PBXFileReference; fileEncoding = 4; lastKnownFileType = sourcecode.swift; path = VenuesViewModel.swift; sourceTree = "<group>"; };
		C49B44D12181019D00A72F68 /* VenueCell.xib */ = {isa = PBXFileReference; fileEncoding = 4; lastKnownFileType = file.xib; path = VenueCell.xib; sourceTree = "<group>"; };
		C49B44D22181019D00A72F68 /* VenueCell.swift */ = {isa = PBXFileReference; fileEncoding = 4; lastKnownFileType = sourcecode.swift; path = VenueCell.swift; sourceTree = "<group>"; };
		C49B44D52181025E00A72F68 /* VenueCellViewModel.swift */ = {isa = PBXFileReference; fileEncoding = 4; lastKnownFileType = sourcecode.swift; path = VenueCellViewModel.swift; sourceTree = "<group>"; };
		C49B44D82181030A00A72F68 /* VenuePhoto.swift */ = {isa = PBXFileReference; lastKnownFileType = sourcecode.swift; path = VenuePhoto.swift; sourceTree = "<group>"; };
		C49B44DA218121F100A72F68 /* LocationAnnotation.swift */ = {isa = PBXFileReference; lastKnownFileType = sourcecode.swift; path = LocationAnnotation.swift; sourceTree = "<group>"; };
		D654A46F21825FD500C5E60C /* Credentials.swift */ = {isa = PBXFileReference; lastKnownFileType = sourcecode.swift; path = Credentials.swift; sourceTree = "<group>"; };
		D67E276221817FF300BE184C /* Main.storyboard */ = {isa = PBXFileReference; lastKnownFileType = file.storyboard; path = Main.storyboard; sourceTree = "<group>"; };
		D69B0D71217C2E3400AB39EA /* pruebaHero.app */ = {isa = PBXFileReference; explicitFileType = wrapper.application; includeInIndex = 0; path = pruebaHero.app; sourceTree = BUILT_PRODUCTS_DIR; };
		D69B0D74217C2E3400AB39EA /* AppDelegate.swift */ = {isa = PBXFileReference; lastKnownFileType = sourcecode.swift; path = AppDelegate.swift; sourceTree = "<group>"; };
		D69B0D7B217C2E3600AB39EA /* Assets.xcassets */ = {isa = PBXFileReference; lastKnownFileType = folder.assetcatalog; path = Assets.xcassets; sourceTree = "<group>"; };
		D69B0D7E217C2E3600AB39EA /* Base */ = {isa = PBXFileReference; lastKnownFileType = file.storyboard; name = Base; path = Base.lproj/LaunchScreen.storyboard; sourceTree = "<group>"; };
		D69B0D80217C2E3600AB39EA /* Info.plist */ = {isa = PBXFileReference; lastKnownFileType = text.plist.xml; path = Info.plist; sourceTree = "<group>"; };
		D69B0D85217C2E3600AB39EA /* pruebaHeroTests.xctest */ = {isa = PBXFileReference; explicitFileType = wrapper.cfbundle; includeInIndex = 0; path = pruebaHeroTests.xctest; sourceTree = BUILT_PRODUCTS_DIR; };
		D69B0D89217C2E3600AB39EA /* pruebaHeroTests.swift */ = {isa = PBXFileReference; lastKnownFileType = sourcecode.swift; path = pruebaHeroTests.swift; sourceTree = "<group>"; };
		D69B0D8B217C2E3600AB39EA /* Info.plist */ = {isa = PBXFileReference; lastKnownFileType = text.plist.xml; path = Info.plist; sourceTree = "<group>"; };
		D69B0D95217C2E7100AB39EA /* LocationService.swift */ = {isa = PBXFileReference; lastKnownFileType = sourcecode.swift; path = LocationService.swift; sourceTree = "<group>"; };
		D69B0D9921801E3000AB39EA /* Navigation.swift */ = {isa = PBXFileReference; lastKnownFileType = sourcecode.swift; path = Navigation.swift; sourceTree = "<group>"; };
		D69B0D9B21801F8000AB39EA /* TabBarViewController.swift */ = {isa = PBXFileReference; lastKnownFileType = sourcecode.swift; path = TabBarViewController.swift; sourceTree = "<group>"; };
		D6E50B35218220D300832BA5 /* CategorySelector.storyboard */ = {isa = PBXFileReference; lastKnownFileType = file.storyboard; path = CategorySelector.storyboard; sourceTree = "<group>"; };
		D6E50B372182210400832BA5 /* CategorySelector.swift */ = {isa = PBXFileReference; lastKnownFileType = sourcecode.swift; path = CategorySelector.swift; sourceTree = "<group>"; };
		D6E50B392182487200832BA5 /* CategorySelectorCell.swift */ = {isa = PBXFileReference; lastKnownFileType = sourcecode.swift; path = CategorySelectorCell.swift; sourceTree = "<group>"; };
		D6E50B3B2182490A00832BA5 /* CategorySelectorCellViewModel.swift */ = {isa = PBXFileReference; lastKnownFileType = sourcecode.swift; path = CategorySelectorCellViewModel.swift; sourceTree = "<group>"; };
		D6E50B3D2182573900832BA5 /* pruebaNetworking.swift */ = {isa = PBXFileReference; lastKnownFileType = sourcecode.swift; path = pruebaNetworking.swift; sourceTree = "<group>"; };
/* End PBXFileReference section */

/* Begin PBXFrameworksBuildPhase section */
		D69B0D6E217C2E3400AB39EA /* Frameworks */ = {
			isa = PBXFrameworksBuildPhase;
			buildActionMask = 2147483647;
			files = (
			);
			runOnlyForDeploymentPostprocessing = 0;
		};
		D69B0D82217C2E3600AB39EA /* Frameworks */ = {
			isa = PBXFrameworksBuildPhase;
			buildActionMask = 2147483647;
			files = (
			);
			runOnlyForDeploymentPostprocessing = 0;
		};
/* End PBXFrameworksBuildPhase section */

/* Begin PBXGroup section */
		C49B44B42180CAA300A72F68 /* Table */ = {
			isa = PBXGroup;
			children = (
				C49B44B62180CAC400A72F68 /* Table.storyboard */,
				C49B44B82180CAEE00A72F68 /* TableViewController.swift */,
				C49B44CF2181012E00A72F68 /* VenuesViewModel.swift */,
				C49B44D72181026600A72F68 /* VenueCell */,
			);
			path = Table;
			sourceTree = "<group>";
		};
		C49B44B52180CAB200A72F68 /* Map */ = {
			isa = PBXGroup;
			children = (
				C49B44BA2180CB2300A72F68 /* Map.storyboard */,
				C49B44BC2180CB3400A72F68 /* MapViewController.swift */,
				C49B44DA218121F100A72F68 /* LocationAnnotation.swift */,
			);
			path = Map;
			sourceTree = "<group>";
		};
		C49B44C22180FA8D00A72F68 /* Models */ = {
			isa = PBXGroup;
			children = (
				C49B44C32180FAB900A72F68 /* Category.swift */,
				C49B44C52180FB5800A72F68 /* SubCategory.swift */,
				C49B44C72180FBA200A72F68 /* ResponseHelper.swift */,
				C49B44CB2180FDD800A72F68 /* Venue.swift */,
				C49B44CD2181002000A72F68 /* VenueLocation.swift */,
				C49B44D82181030A00A72F68 /* VenuePhoto.swift */,
			);
			path = Models;
			sourceTree = "<group>";
		};
		C49B44D72181026600A72F68 /* VenueCell */ = {
			isa = PBXGroup;
			children = (
				C49B44D22181019D00A72F68 /* VenueCell.swift */,
				C49B44D12181019D00A72F68 /* VenueCell.xib */,
				C49B44D52181025E00A72F68 /* VenueCellViewModel.swift */,
			);
			path = VenueCell;
			sourceTree = "<group>";
		};
		D69B0D68217C2E3400AB39EA = {
			isa = PBXGroup;
			children = (
				D69B0D73217C2E3400AB39EA /* pruebaHero */,
				D69B0D88217C2E3600AB39EA /* pruebaHeroTests */,
				D69B0D72217C2E3400AB39EA /* Products */,
			);
			sourceTree = "<group>";
		};
		D69B0D72217C2E3400AB39EA /* Products */ = {
			isa = PBXGroup;
			children = (
				D69B0D71217C2E3400AB39EA /* pruebaHero.app */,
				D69B0D85217C2E3600AB39EA /* pruebaHeroTests.xctest */,
			);
			name = Products;
			sourceTree = "<group>";
		};
		D69B0D73217C2E3400AB39EA /* pruebaHero */ = {
			isa = PBXGroup;
			children = (
				D6E50B342182201C00832BA5 /* Navigation */,
				C49B44B52180CAB200A72F68 /* Map */,
				C49B44B42180CAA300A72F68 /* Table */,
				D69B0D94217C2E5500AB39EA /* Services */,
				C49B44C22180FA8D00A72F68 /* Models */,
				D6E50B332182200F00832BA5 /* Selector */,
				D69B0D74217C2E3400AB39EA /* AppDelegate.swift */,
				D69B0D7B217C2E3600AB39EA /* Assets.xcassets */,
				D69B0D7D217C2E3600AB39EA /* LaunchScreen.storyboard */,
				D67E276221817FF300BE184C /* Main.storyboard */,
				D69B0D80217C2E3600AB39EA /* Info.plist */,
			);
			path = pruebaHero;
			sourceTree = "<group>";
		};
		D69B0D88217C2E3600AB39EA /* pruebaHeroTests */ = {
			isa = PBXGroup;
			children = (
				D69B0D89217C2E3600AB39EA /* pruebaHeroTests.swift */,
				D6E50B3D2182573900832BA5 /* pruebaNetworking.swift */,
				D69B0D8B217C2E3600AB39EA /* Info.plist */,
			);
			path = pruebaHeroTests;
			sourceTree = "<group>";
		};
		D69B0D94217C2E5500AB39EA /* Services */ = {
			isa = PBXGroup;
			children = (
				D69B0D95217C2E7100AB39EA /* LocationService.swift */,
				C49B44B22180C98F00A72F68 /* Theme.swift */,
				C49B44BE2180EFCA00A72F68 /* RuntimeError.swift */,
				C49B44C02180F87500A72F68 /* NetworkService.swift */,
				C49B44C92180FC2B00A72F68 /* CategoriesService.swift */,
				D654A46F21825FD500C5E60C /* Credentials.swift */,
			);
			path = Services;
			sourceTree = "<group>";
		};
		D6E50B332182200F00832BA5 /* Selector */ = {
			isa = PBXGroup;
			children = (
				D6E50B35218220D300832BA5 /* CategorySelector.storyboard */,
				D6E50B372182210400832BA5 /* CategorySelector.swift */,
				D6E50B392182487200832BA5 /* CategorySelectorCell.swift */,
				D6E50B3B2182490A00832BA5 /* CategorySelectorCellViewModel.swift */,
			);
			path = Selector;
			sourceTree = "<group>";
		};
		D6E50B342182201C00832BA5 /* Navigation */ = {
			isa = PBXGroup;
			children = (
				D69B0D9921801E3000AB39EA /* Navigation.swift */,
				D69B0D9B21801F8000AB39EA /* TabBarViewController.swift */,
			);
			path = Navigation;
			sourceTree = "<group>";
		};
/* End PBXGroup section */

/* Begin PBXNativeTarget section */
		D69B0D70217C2E3400AB39EA /* pruebaHero */ = {
			isa = PBXNativeTarget;
			buildConfigurationList = D69B0D8E217C2E3600AB39EA /* Build configuration list for PBXNativeTarget "pruebaHero" */;
			buildPhases = (
				D69B0D6D217C2E3400AB39EA /* Sources */,
				D69B0D6E217C2E3400AB39EA /* Frameworks */,
				D69B0D6F217C2E3400AB39EA /* Resources */,
			);
			buildRules = (
			);
			dependencies = (
			);
			name = pruebaHero;
			productName = pruebaHero;
			productReference = D69B0D71217C2E3400AB39EA /* pruebaHero.app */;
			productType = "com.apple.product-type.application";
		};
		D69B0D84217C2E3600AB39EA /* pruebaHeroTests */ = {
			isa = PBXNativeTarget;
			buildConfigurationList = D69B0D91217C2E3600AB39EA /* Build configuration list for PBXNativeTarget "pruebaHeroTests" */;
			buildPhases = (
				D69B0D81217C2E3600AB39EA /* Sources */,
				D69B0D82217C2E3600AB39EA /* Frameworks */,
				D69B0D83217C2E3600AB39EA /* Resources */,
			);
			buildRules = (
			);
			dependencies = (
				D69B0D87217C2E3600AB39EA /* PBXTargetDependency */,
			);
			name = pruebaHeroTests;
			productName = pruebaHeroTests;
			productReference = D69B0D85217C2E3600AB39EA /* pruebaHeroTests.xctest */;
			productType = "com.apple.product-type.bundle.unit-test";
		};
/* End PBXNativeTarget section */

/* Begin PBXProject section */
		D69B0D69217C2E3400AB39EA /* Project object */ = {
			isa = PBXProject;
			attributes = {
				LastSwiftUpdateCheck = 1000;
				LastUpgradeCheck = 1000;
				ORGANIZATIONNAME = hero;
				TargetAttributes = {
					D69B0D70217C2E3400AB39EA = {
						CreatedOnToolsVersion = 10.0;
					};
					D69B0D84217C2E3600AB39EA = {
						CreatedOnToolsVersion = 10.0;
						TestTargetID = D69B0D70217C2E3400AB39EA;
					};
				};
			};
			buildConfigurationList = D69B0D6C217C2E3400AB39EA /* Build configuration list for PBXProject "pruebaHero" */;
			compatibilityVersion = "Xcode 9.3";
			developmentRegion = en;
			hasScannedForEncodings = 0;
			knownRegions = (
				en,
				Base,
			);
			mainGroup = D69B0D68217C2E3400AB39EA;
			productRefGroup = D69B0D72217C2E3400AB39EA /* Products */;
			projectDirPath = "";
			projectRoot = "";
			targets = (
				D69B0D70217C2E3400AB39EA /* pruebaHero */,
				D69B0D84217C2E3600AB39EA /* pruebaHeroTests */,
			);
		};
/* End PBXProject section */

/* Begin PBXResourcesBuildPhase section */
		D69B0D6F217C2E3400AB39EA /* Resources */ = {
			isa = PBXResourcesBuildPhase;
			buildActionMask = 2147483647;
			files = (
				D69B0D7F217C2E3600AB39EA /* LaunchScreen.storyboard in Resources */,
				C49B44D32181019D00A72F68 /* VenueCell.xib in Resources */,
				D69B0D7C217C2E3600AB39EA /* Assets.xcassets in Resources */,
				D67E276321817FF300BE184C /* Main.storyboard in Resources */,
				C49B44BB2180CB2300A72F68 /* Map.storyboard in Resources */,
				C49B44B72180CAC400A72F68 /* Table.storyboard in Resources */,
				D6E50B36218220D300832BA5 /* CategorySelector.storyboard in Resources */,
			);
			runOnlyForDeploymentPostprocessing = 0;
		};
		D69B0D83217C2E3600AB39EA /* Resources */ = {
			isa = PBXResourcesBuildPhase;
			buildActionMask = 2147483647;
			files = (
			);
			runOnlyForDeploymentPostprocessing = 0;
		};
/* End PBXResourcesBuildPhase section */

/* Begin PBXSourcesBuildPhase section */
		D69B0D6D217C2E3400AB39EA /* Sources */ = {
			isa = PBXSourcesBuildPhase;
			buildActionMask = 2147483647;
			files = (
				C49B44CE2181002000A72F68 /* VenueLocation.swift in Sources */,
				D69B0D96217C2E7100AB39EA /* LocationService.swift in Sources */,
				C49B44D02181012E00A72F68 /* VenuesViewModel.swift in Sources */,
				C49B44B92180CAEE00A72F68 /* TableViewController.swift in Sources */,
				D69B0D75217C2E3400AB39EA /* AppDelegate.swift in Sources */,
				D6E50B3C2182490A00832BA5 /* CategorySelectorCellViewModel.swift in Sources */,
				C49B44CC2180FDD800A72F68 /* Venue.swift in Sources */,
				D6E50B3A2182487200832BA5 /* CategorySelectorCell.swift in Sources */,
				C49B44C42180FAB900A72F68 /* Category.swift in Sources */,
				C49B44C62180FB5800A72F68 /* SubCategory.swift in Sources */,
				C49B44BF2180EFCA00A72F68 /* RuntimeError.swift in Sources */,
				C49B44C82180FBA200A72F68 /* ResponseHelper.swift in Sources */,
				C49B44D42181019D00A72F68 /* VenueCell.swift in Sources */,
				C49B44C12180F87500A72F68 /* NetworkService.swift in Sources */,
				D6E50B382182210400832BA5 /* CategorySelector.swift in Sources */,
				C49B44B32180C98F00A72F68 /* Theme.swift in Sources */,
				D69B0D9C21801F8000AB39EA /* TabBarViewController.swift in Sources */,
				C49B44D92181030A00A72F68 /* VenuePhoto.swift in Sources */,
				D654A47021825FD500C5E60C /* Credentials.swift in Sources */,
				C49B44CA2180FC2B00A72F68 /* CategoriesService.swift in Sources */,
				D69B0D9A21801E3000AB39EA /* Navigation.swift in Sources */,
				C49B44D62181025E00A72F68 /* VenueCellViewModel.swift in Sources */,
				C49B44BD2180CB3400A72F68 /* MapViewController.swift in Sources */,
				C49B44DB218121F100A72F68 /* LocationAnnotation.swift in Sources */,
			);
			runOnlyForDeploymentPostprocessing = 0;
		};
		D69B0D81217C2E3600AB39EA /* Sources */ = {
			isa = PBXSourcesBuildPhase;
			buildActionMask = 2147483647;
			files = (
				D6E50B3E2182573900832BA5 /* pruebaNetworking.swift in Sources */,
				D69B0D8A217C2E3600AB39EA /* pruebaHeroTests.swift in Sources */,
			);
			runOnlyForDeploymentPostprocessing = 0;
		};
/* End PBXSourcesBuildPhase section */

/* Begin PBXTargetDependency section */
		D69B0D87217C2E3600AB39EA /* PBXTargetDependency */ = {
			isa = PBXTargetDependency;
			target = D69B0D70217C2E3400AB39EA /* pruebaHero */;
			targetProxy = D69B0D86217C2E3600AB39EA /* PBXContainerItemProxy */;
		};
/* End PBXTargetDependency section */

/* Begin PBXVariantGroup section */
		D69B0D7D217C2E3600AB39EA /* LaunchScreen.storyboard */ = {
			isa = PBXVariantGroup;
			children = (
				D69B0D7E217C2E3600AB39EA /* Base */,
			);
			name = LaunchScreen.storyboard;
			sourceTree = "<group>";
		};
/* End PBXVariantGroup section */

/* Begin XCBuildConfiguration section */
		D69B0D8C217C2E3600AB39EA /* Debug */ = {
			isa = XCBuildConfiguration;
			buildSettings = {
				ALWAYS_SEARCH_USER_PATHS = NO;
				CLANG_ANALYZER_NONNULL = YES;
				CLANG_ANALYZER_NUMBER_OBJECT_CONVERSION = YES_AGGRESSIVE;
				CLANG_CXX_LANGUAGE_STANDARD = "gnu++14";
				CLANG_CXX_LIBRARY = "libc++";
				CLANG_ENABLE_MODULES = YES;
				CLANG_ENABLE_OBJC_ARC = YES;
				CLANG_ENABLE_OBJC_WEAK = YES;
				CLANG_WARN_BLOCK_CAPTURE_AUTORELEASING = YES;
				CLANG_WARN_BOOL_CONVERSION = YES;
				CLANG_WARN_COMMA = YES;
				CLANG_WARN_CONSTANT_CONVERSION = YES;
				CLANG_WARN_DEPRECATED_OBJC_IMPLEMENTATIONS = YES;
				CLANG_WARN_DIRECT_OBJC_ISA_USAGE = YES_ERROR;
				CLANG_WARN_DOCUMENTATION_COMMENTS = YES;
				CLANG_WARN_EMPTY_BODY = YES;
				CLANG_WARN_ENUM_CONVERSION = YES;
				CLANG_WARN_INFINITE_RECURSION = YES;
				CLANG_WARN_INT_CONVERSION = YES;
				CLANG_WARN_NON_LITERAL_NULL_CONVERSION = YES;
				CLANG_WARN_OBJC_IMPLICIT_RETAIN_SELF = YES;
				CLANG_WARN_OBJC_LITERAL_CONVERSION = YES;
				CLANG_WARN_OBJC_ROOT_CLASS = YES_ERROR;
				CLANG_WARN_RANGE_LOOP_ANALYSIS = YES;
				CLANG_WARN_STRICT_PROTOTYPES = YES;
				CLANG_WARN_SUSPICIOUS_MOVE = YES;
				CLANG_WARN_UNGUARDED_AVAILABILITY = YES_AGGRESSIVE;
				CLANG_WARN_UNREACHABLE_CODE = YES;
				CLANG_WARN__DUPLICATE_METHOD_MATCH = YES;
				CODE_SIGN_IDENTITY = "iPhone Developer";
				COPY_PHASE_STRIP = NO;
				DEBUG_INFORMATION_FORMAT = dwarf;
				ENABLE_STRICT_OBJC_MSGSEND = YES;
				ENABLE_TESTABILITY = YES;
				GCC_C_LANGUAGE_STANDARD = gnu11;
				GCC_DYNAMIC_NO_PIC = NO;
				GCC_NO_COMMON_BLOCKS = YES;
				GCC_OPTIMIZATION_LEVEL = 0;
				GCC_PREPROCESSOR_DEFINITIONS = (
					"DEBUG=1",
					"$(inherited)",
				);
				GCC_WARN_64_TO_32_BIT_CONVERSION = YES;
				GCC_WARN_ABOUT_RETURN_TYPE = YES_ERROR;
				GCC_WARN_UNDECLARED_SELECTOR = YES;
				GCC_WARN_UNINITIALIZED_AUTOS = YES_AGGRESSIVE;
				GCC_WARN_UNUSED_FUNCTION = YES;
				GCC_WARN_UNUSED_VARIABLE = YES;
				IPHONEOS_DEPLOYMENT_TARGET = 12.0;
				MTL_ENABLE_DEBUG_INFO = INCLUDE_SOURCE;
				MTL_FAST_MATH = YES;
				ONLY_ACTIVE_ARCH = YES;
				SDKROOT = iphoneos;
				SWIFT_ACTIVE_COMPILATION_CONDITIONS = DEBUG;
				SWIFT_OPTIMIZATION_LEVEL = "-Onone";
			};
			name = Debug;
		};
		D69B0D8D217C2E3600AB39EA /* Release */ = {
			isa = XCBuildConfiguration;
			buildSettings = {
				ALWAYS_SEARCH_USER_PATHS = NO;
				CLANG_ANALYZER_NONNULL = YES;
				CLANG_ANALYZER_NUMBER_OBJECT_CONVERSION = YES_AGGRESSIVE;
				CLANG_CXX_LANGUAGE_STANDARD = "gnu++14";
				CLANG_CXX_LIBRARY = "libc++";
				CLANG_ENABLE_MODULES = YES;
				CLANG_ENABLE_OBJC_ARC = YES;
				CLANG_ENABLE_OBJC_WEAK = YES;
				CLANG_WARN_BLOCK_CAPTURE_AUTORELEASING = YES;
				CLANG_WARN_BOOL_CONVERSION = YES;
				CLANG_WARN_COMMA = YES;
				CLANG_WARN_CONSTANT_CONVERSION = YES;
				CLANG_WARN_DEPRECATED_OBJC_IMPLEMENTATIONS = YES;
				CLANG_WARN_DIRECT_OBJC_ISA_USAGE = YES_ERROR;
				CLANG_WARN_DOCUMENTATION_COMMENTS = YES;
				CLANG_WARN_EMPTY_BODY = YES;
				CLANG_WARN_ENUM_CONVERSION = YES;
				CLANG_WARN_INFINITE_RECURSION = YES;
				CLANG_WARN_INT_CONVERSION = YES;
				CLANG_WARN_NON_LITERAL_NULL_CONVERSION = YES;
				CLANG_WARN_OBJC_IMPLICIT_RETAIN_SELF = YES;
				CLANG_WARN_OBJC_LITERAL_CONVERSION = YES;
				CLANG_WARN_OBJC_ROOT_CLASS = YES_ERROR;
				CLANG_WARN_RANGE_LOOP_ANALYSIS = YES;
				CLANG_WARN_STRICT_PROTOTYPES = YES;
				CLANG_WARN_SUSPICIOUS_MOVE = YES;
				CLANG_WARN_UNGUARDED_AVAILABILITY = YES_AGGRESSIVE;
				CLANG_WARN_UNREACHABLE_CODE = YES;
				CLANG_WARN__DUPLICATE_METHOD_MATCH = YES;
				CODE_SIGN_IDENTITY = "iPhone Developer";
				COPY_PHASE_STRIP = NO;
				DEBUG_INFORMATION_FORMAT = "dwarf-with-dsym";
				ENABLE_NS_ASSERTIONS = NO;
				ENABLE_STRICT_OBJC_MSGSEND = YES;
				GCC_C_LANGUAGE_STANDARD = gnu11;
				GCC_NO_COMMON_BLOCKS = YES;
				GCC_WARN_64_TO_32_BIT_CONVERSION = YES;
				GCC_WARN_ABOUT_RETURN_TYPE = YES_ERROR;
				GCC_WARN_UNDECLARED_SELECTOR = YES;
				GCC_WARN_UNINITIALIZED_AUTOS = YES_AGGRESSIVE;
				GCC_WARN_UNUSED_FUNCTION = YES;
				GCC_WARN_UNUSED_VARIABLE = YES;
				IPHONEOS_DEPLOYMENT_TARGET = 12.0;
				MTL_ENABLE_DEBUG_INFO = NO;
				MTL_FAST_MATH = YES;
				SDKROOT = iphoneos;
				SWIFT_COMPILATION_MODE = wholemodule;
				SWIFT_OPTIMIZATION_LEVEL = "-O";
				VALIDATE_PRODUCT = YES;
			};
			name = Release;
		};
		D69B0D8F217C2E3600AB39EA /* Debug */ = {
			isa = XCBuildConfiguration;
			buildSettings = {
				ASSETCATALOG_COMPILER_APPICON_NAME = AppIcon;
				CODE_SIGN_STYLE = Automatic;
				DEVELOPMENT_TEAM = S6AFWAWALQ;
				INFOPLIST_FILE = pruebaHero/Info.plist;
				IPHONEOS_DEPLOYMENT_TARGET = 10.0;
				LD_RUNPATH_SEARCH_PATHS = (
					"$(inherited)",
					"@executable_path/Frameworks",
				);
				PRODUCT_BUNDLE_IDENTIFIER = com.hero.com.pruebaHero;
				PRODUCT_NAME = "$(TARGET_NAME)";
				SWIFT_VERSION = 4.2;
				TARGETED_DEVICE_FAMILY = 1;
			};
			name = Debug;
		};
		D69B0D90217C2E3600AB39EA /* Release */ = {
			isa = XCBuildConfiguration;
			buildSettings = {
				ASSETCATALOG_COMPILER_APPICON_NAME = AppIcon;
				CODE_SIGN_STYLE = Automatic;
				DEVELOPMENT_TEAM = S6AFWAWALQ;
				INFOPLIST_FILE = pruebaHero/Info.plist;
				IPHONEOS_DEPLOYMENT_TARGET = 10.0;
				LD_RUNPATH_SEARCH_PATHS = (
					"$(inherited)",
					"@executable_path/Frameworks",
				);
				PRODUCT_BUNDLE_IDENTIFIER = com.hero.com.pruebaHero;
				PRODUCT_NAME = "$(TARGET_NAME)";
				SWIFT_VERSION = 4.2;
				TARGETED_DEVICE_FAMILY = 1;
			};
			name = Release;
		};
		D69B0D92217C2E3600AB39EA /* Debug */ = {
			isa = XCBuildConfiguration;
			buildSettings = {
				ALWAYS_EMBED_SWIFT_STANDARD_LIBRARIES = YES;
				BUNDLE_LOADER = "$(TEST_HOST)";
				CODE_SIGN_STYLE = Automatic;
				DEVELOPMENT_TEAM = S6AFWAWALQ;
				INFOPLIST_FILE = pruebaHeroTests/Info.plist;
				LD_RUNPATH_SEARCH_PATHS = (
					"$(inherited)",
					"@executable_path/Frameworks",
					"@loader_path/Frameworks",
				);
				PRODUCT_BUNDLE_IDENTIFIER = com.hero.com.pruebaHeroTests;
				PRODUCT_NAME = "$(TARGET_NAME)";
				SWIFT_VERSION = 4.2;
				TARGETED_DEVICE_FAMILY = "1,2";
				TEST_HOST = "$(BUILT_PRODUCTS_DIR)/pruebaHero.app/pruebaHero";
			};
			name = Debug;
		};
		D69B0D93217C2E3600AB39EA /* Release */ = {
			isa = XCBuildConfiguration;
			buildSettings = {
				ALWAYS_EMBED_SWIFT_STANDARD_LIBRARIES = YES;
				BUNDLE_LOADER = "$(TEST_HOST)";
				CODE_SIGN_STYLE = Automatic;
				DEVELOPMENT_TEAM = S6AFWAWALQ;
				INFOPLIST_FILE = pruebaHeroTests/Info.plist;
				LD_RUNPATH_SEARCH_PATHS = (
					"$(inherited)",
					"@executable_path/Frameworks",
					"@loader_path/Frameworks",
				);
				PRODUCT_BUNDLE_IDENTIFIER = com.hero.com.pruebaHeroTests;
				PRODUCT_NAME = "$(TARGET_NAME)";
				SWIFT_VERSION = 4.2;
				TARGETED_DEVICE_FAMILY = "1,2";
				TEST_HOST = "$(BUILT_PRODUCTS_DIR)/pruebaHero.app/pruebaHero";
			};
			name = Release;
		};
/* End XCBuildConfiguration section */

/* Begin XCConfigurationList section */
		D69B0D6C217C2E3400AB39EA /* Build configuration list for PBXProject "pruebaHero" */ = {
			isa = XCConfigurationList;
			buildConfigurations = (
				D69B0D8C217C2E3600AB39EA /* Debug */,
				D69B0D8D217C2E3600AB39EA /* Release */,
			);
			defaultConfigurationIsVisible = 0;
			defaultConfigurationName = Release;
		};
		D69B0D8E217C2E3600AB39EA /* Build configuration list for PBXNativeTarget "pruebaHero" */ = {
			isa = XCConfigurationList;
			buildConfigurations = (
				D69B0D8F217C2E3600AB39EA /* Debug */,
				D69B0D90217C2E3600AB39EA /* Release */,
			);
			defaultConfigurationIsVisible = 0;
			defaultConfigurationName = Release;
		};
		D69B0D91217C2E3600AB39EA /* Build configuration list for PBXNativeTarget "pruebaHeroTests" */ = {
			isa = XCConfigurationList;
			buildConfigurations = (
				D69B0D92217C2E3600AB39EA /* Debug */,
				D69B0D93217C2E3600AB39EA /* Release */,
			);
			defaultConfigurationIsVisible = 0;
			defaultConfigurationName = Release;
		};
/* End XCConfigurationList section */
	};
	rootObject = D69B0D69217C2E3400AB39EA /* Project object */;
}
